
Microsoft Visual Studio Solution File, Format Version 12.00
# Visual Studio Version 17
VisualStudioVersion = 17.6.33815.320
MinimumVisualStudioVersion = 10.0.40219.1
Project("{9A19103F-16F7-4668-BE54-9A1E7A4F7556}") = "GameOfLife.HMI", "GameOfLife.HMI\GameOfLife.HMI.csproj", "{CAB57CD2-C861-4790-A275-9603C66DD965}"
EndProject
Project("{FAE04EC0-301F-11D3-BF4B-00C04F79EFBC}") = "GameOfLife.BLL", "GameOfLife.BLL\GameOfLife.BLL.csproj", "{43FE7B35-DC9E-4249-A822-0769B551C995}"
EndProject
Project("{FAE04EC0-301F-11D3-BF4B-00C04F79EFBC}") = "GameOfLife.UnitTest", "GameOfLife.UnitTest\GameOfLife.UnitTest.csproj", "{9AB1AD87-BB45-4C0E-A5C8-EE336B7ACF03}"
EndProject
Global
	GlobalSection(SolutionConfigurationPlatforms) = preSolution
		Debug|Any CPU = Debug|Any CPU
		Release|Any CPU = Release|Any CPU
	EndGlobalSection
	GlobalSection(ProjectConfigurationPlatforms) = postSolution
		{CAB57CD2-C861-4790-A275-9603C66DD965}.Debug|Any CPU.ActiveCfg = Debug|Any CPU
		{CAB57CD2-C861-4790-A275-9603C66DD965}.Debug|Any CPU.Build.0 = Debug|Any CPU
		{CAB57CD2-C861-4790-A275-9603C66DD965}.Release|Any CPU.ActiveCfg = Release|Any CPU
		{CAB57CD2-C861-4790-A275-9603C66DD965}.Release|Any CPU.Build.0 = Release|Any CPU
		{43FE7B35-DC9E-4249-A822-0769B551C995}.Debug|Any CPU.ActiveCfg = Debug|Any CPU
		{43FE7B35-DC9E-4249-A822-0769B551C995}.Debug|Any CPU.Build.0 = Debug|Any CPU
		{43FE7B35-DC9E-4249-A822-0769B551C995}.Release|Any CPU.ActiveCfg = Release|Any CPU
		{43FE7B35-DC9E-4249-A822-0769B551C995}.Release|Any CPU.Build.0 = Release|Any CPU
		{9AB1AD87-BB45-4C0E-A5C8-EE336B7ACF03}.Debug|Any CPU.ActiveCfg = Debug|Any CPU
		{9AB1AD87-BB45-4C0E-A5C8-EE336B7ACF03}.Debug|Any CPU.Build.0 = Debug|Any CPU
		{9AB1AD87-BB45-4C0E-A5C8-EE336B7ACF03}.Release|Any CPU.ActiveCfg = Release|Any CPU
		{9AB1AD87-BB45-4C0E-A5C8-EE336B7ACF03}.Release|Any CPU.Build.0 = Release|Any CPU
	EndGlobalSection
	GlobalSection(SolutionProperties) = preSolution
		HideSolutionNode = FALSE
	EndGlobalSection
	GlobalSection(ExtensibilityGlobals) = postSolution
		SolutionGuid = {F7B51FFE-6B1C-44A7-89F8-CDB8FE699980}
	EndGlobalSection
EndGlobal
